{"1.2.0",
[{<<"bert">>,{pkg,<<"bert">>,<<"0.2.1">>},0},
 {<<"erl_cbor">>,{pkg,<<"erl_cbor">>,<<"2.0.1">>},0},
 {<<"key_value">>,
  {git,"https://github.com/xentelar/key_value.git",
       {ref,"414fb19cd067b368666ceb5a2a63f1f24109562b"}},
  0},
 {<<"maps_utils">>,
  {git,"https://github.com/xentelar/maps_utils.git",
       {ref,"afa2da62e0e691ce33d1008cc424c994fff339bf"}},
  0},
 {<<"msgpack">>,{pkg,<<"msgpack">>,<<"0.8.1">>},0},
 {<<"thoas">>,{pkg,<<"thoas">>,<<"1.2.1">>},0}]}.
[
{pkg_hash,[
 {<<"bert">>, <<"C88337FE93A5DA823D48754139DAB3B0C79C9BA750E73863034072949E499820">>},
 {<<"erl_cbor">>, <<"D2545B7A6CDB1338DB6CC9E99EA1B157F9F9F09BC167EEA46E55BCF052D65498">>},
 {<<"msgpack">>, <<"DEB35C13291EAFE56AD9870374C2EAA92323DC5503D50432EBCAF47052E6D343">>},
 {<<"thoas">>, <<"19A25F31177A17E74004D4840F66D791D4298C5738790FA2CC73731EB911F195">>}]},
{pkg_hash_ext,[
 {<<"bert">>, <<"6FB4B187C2AA94CD76211098346964C0D4C94773E56DAA27D84F6C640FDAD05D">>},
 {<<"erl_cbor">>, <<"42B3D75E862608FD1884F37F7E136B8EA739B26C139C3135F4E5B57532A02ACA">>},
 {<<"msgpack">>, <<"04D9A75BC6F4BED8627EE1E7AA9DF37601F510FDC786A84FE932BB21D765565F">>},
 {<<"thoas">>, <<"E38697EDFFD6E91BD12CEA41B155115282630075C2A727E7A6B2947F5408B86A">>}]}
].
